
Microsoft Visual Studio Solution File, Format Version 12.00
# Visual Studio Version 17
VisualStudioVersion = 17.5.33627.172
MinimumVisualStudioVersion = 10.0.40219.1
Project("{FAE04EC0-301F-11D3-BF4B-00C04F79EFBC}") = "MovieTicketsWebApp", "MovieTicketsWebApp.csproj", "{F310051F-BE7C-4CDA-840D-54A4A26004D0}"
EndProject
Global
	GlobalSection(SolutionConfigurationPlatforms) = preSolution
		Debug|Any CPU = Debug|Any CPU
		Release|Any CPU = Release|Any CPU
	EndGlobalSection
	GlobalSection(ProjectConfigurationPlatforms) = postSolution
		{F310051F-BE7C-4CDA-840D-54A4A26004D0}.Debug|Any CPU.ActiveCfg = Debug|Any CPU
		{F310051F-BE7C-4CDA-840D-54A4A26004D0}.Debug|Any CPU.Build.0 = Debug|Any CPU
		{F310051F-BE7C-4CDA-840D-54A4A26004D0}.Release|Any CPU.ActiveCfg = Release|Any CPU
		{F310051F-BE7C-4CDA-840D-54A4A26004D0}.Release|Any CPU.Build.0 = Release|Any CPU
	EndGlobalSection
	GlobalSection(SolutionProperties) = preSolution
		HideSolutionNode = FALSE
	EndGlobalSection
	GlobalSection(ExtensibilityGlobals) = postSolution
		SolutionGuid = {379FAFD4-75DE-41AE-8357-DC18BFFE2E7A}
	EndGlobalSection
EndGlobal
